// !$*UTF8*$!
{
	archiveVersion = 1;
	classes = {
	};
	objectVersion = 46;
	objects = {

/* Begin PBXBuildFile section */
		14090B6D1A92CB1D00E5472D /* LoginViewController.m in Sources */ = {isa = PBXBuildFile; fileRef = 14090B6B1A92CB1D00E5472D /* LoginViewController.m */; };
		14090B6E1A92CB1D00E5472D /* LoginViewController.xib in Resources */ = {isa = PBXBuildFile; fileRef = 14090B6C1A92CB1D00E5472D /* LoginViewController.xib */; };
		14090B711A92CC3A00E5472D /* TwitterClient.m in Sources */ = {isa = PBXBuildFile; fileRef = 14090B701A92CC3A00E5472D /* TwitterClient.m */; };
		144391851A99C47F00BF9783 /* TweetDetailsViewController.m in Sources */ = {isa = PBXBuildFile; fileRef = 144391831A99C47F00BF9783 /* TweetDetailsViewController.m */; };
		144391861A99C47F00BF9783 /* TweetDetailsViewController.xib in Resources */ = {isa = PBXBuildFile; fileRef = 144391841A99C47F00BF9783 /* TweetDetailsViewController.xib */; };
		144391A21A9AF4F000BF9783 /* compose.png in Resources */ = {isa = PBXBuildFile; fileRef = 1443919D1A9AF4F000BF9783 /* compose.png */; };
		144391A31A9AF4F000BF9783 /* favorite.png in Resources */ = {isa = PBXBuildFile; fileRef = 1443919E1A9AF4F000BF9783 /* favorite.png */; };
		144391A41A9AF4F000BF9783 /* reply.png in Resources */ = {isa = PBXBuildFile; fileRef = 1443919F1A9AF4F000BF9783 /* reply.png */; };
		144391A51A9AF4F000BF9783 /* retweet.png in Resources */ = {isa = PBXBuildFile; fileRef = 144391A01A9AF4F000BF9783 /* retweet.png */; };
		14702B421A92B7920064C739 /* main.m in Sources */ = {isa = PBXBuildFile; fileRef = 14702B411A92B7920064C739 /* main.m */; };
		14702B451A92B7920064C739 /* AppDelegate.m in Sources */ = {isa = PBXBuildFile; fileRef = 14702B441A92B7920064C739 /* AppDelegate.m */; };
		14702B4D1A92B7920064C739 /* Images.xcassets in Resources */ = {isa = PBXBuildFile; fileRef = 14702B4C1A92B7920064C739 /* Images.xcassets */; };
		14702B501A92B7920064C739 /* LaunchScreen.xib in Resources */ = {isa = PBXBuildFile; fileRef = 14702B4E1A92B7920064C739 /* LaunchScreen.xib */; };
		14702B5C1A92B7920064C739 /* Twitter_ClientTests.m in Sources */ = {isa = PBXBuildFile; fileRef = 14702B5B1A92B7920064C739 /* Twitter_ClientTests.m */; };
		148936291A995BB0003649A1 /* User.m in Sources */ = {isa = PBXBuildFile; fileRef = 148936281A995BB0003649A1 /* User.m */; };
		1489362C1A995DB9003649A1 /* Tweet.m in Sources */ = {isa = PBXBuildFile; fileRef = 1489362B1A995DB9003649A1 /* Tweet.m */; };
		148936301A996B12003649A1 /* TweetsViewController.m in Sources */ = {isa = PBXBuildFile; fileRef = 1489362E1A996B12003649A1 /* TweetsViewController.m */; };
		148936311A996B12003649A1 /* TweetsViewController.xib in Resources */ = {isa = PBXBuildFile; fileRef = 1489362F1A996B12003649A1 /* TweetsViewController.xib */; };
		148936371A997CA2003649A1 /* TweetCell.m in Sources */ = {isa = PBXBuildFile; fileRef = 148936351A997CA2003649A1 /* TweetCell.m */; };
		148936381A997CA2003649A1 /* TweetCell.xib in Resources */ = {isa = PBXBuildFile; fileRef = 148936361A997CA2003649A1 /* TweetCell.xib */; };
		148936421A99A59E003649A1 /* NewTweetViewController.m in Sources */ = {isa = PBXBuildFile; fileRef = 148936401A99A59E003649A1 /* NewTweetViewController.m */; };
		148936431A99A59E003649A1 /* NewTweetViewController.xib in Resources */ = {isa = PBXBuildFile; fileRef = 148936411A99A59E003649A1 /* NewTweetViewController.xib */; };
		647499F92BD011E535DC9DDF /* libPods.a in Frameworks */ = {isa = PBXBuildFile; fileRef = 02BD76A3C7999B5D12DCCD0B /* libPods.a */; };
/* End PBXBuildFile section */

/* Begin PBXContainerItemProxy section */
		14702B561A92B7920064C739 /* PBXContainerItemProxy */ = {
			isa = PBXContainerItemProxy;
			containerPortal = 14702B341A92B7920064C739 /* Project object */;
			proxyType = 1;
			remoteGlobalIDString = 14702B3B1A92B7920064C739;
			remoteInfo = "Twitter Client";
		};
/* End PBXContainerItemProxy section */

/* Begin PBXFileReference section */
		02BD76A3C7999B5D12DCCD0B /* libPods.a */ = {isa = PBXFileReference; explicitFileType = archive.ar; includeInIndex = 0; path = libPods.a; sourceTree = BUILT_PRODUCTS_DIR; };
		14090B6A1A92CB1D00E5472D /* LoginViewController.h */ = {isa = PBXFileReference; fileEncoding = 4; lastKnownFileType = sourcecode.c.h; path = LoginViewController.h; sourceTree = "<group>"; };
		14090B6B1A92CB1D00E5472D /* LoginViewController.m */ = {isa = PBXFileReference; fileEncoding = 4; lastKnownFileType = sourcecode.c.objc; path = LoginViewController.m; sourceTree = "<group>"; };
		14090B6C1A92CB1D00E5472D /* LoginViewController.xib */ = {isa = PBXFileReference; fileEncoding = 4; lastKnownFileType = file.xib; path = LoginViewController.xib; sourceTree = "<group>"; };
		14090B6F1A92CC3A00E5472D /* TwitterClient.h */ = {isa = PBXFileReference; fileEncoding = 4; lastKnownFileType = sourcecode.c.h; path = TwitterClient.h; sourceTree = "<group>"; };
		14090B701A92CC3A00E5472D /* TwitterClient.m */ = {isa = PBXFileReference; fileEncoding = 4; lastKnownFileType = sourcecode.c.objc; path = TwitterClient.m; sourceTree = "<group>"; };
		144391821A99C47F00BF9783 /* TweetDetailsViewController.h */ = {isa = PBXFileReference; fileEncoding = 4; lastKnownFileType = sourcecode.c.h; path = TweetDetailsViewController.h; sourceTree = "<group>"; };
		144391831A99C47F00BF9783 /* TweetDetailsViewController.m */ = {isa = PBXFileReference; fileEncoding = 4; lastKnownFileType = sourcecode.c.objc; path = TweetDetailsViewController.m; sourceTree = "<group>"; };
		144391841A99C47F00BF9783 /* TweetDetailsViewController.xib */ = {isa = PBXFileReference; fileEncoding = 4; lastKnownFileType = file.xib; path = TweetDetailsViewController.xib; sourceTree = "<group>"; };
		1443919D1A9AF4F000BF9783 /* compose.png */ = {isa = PBXFileReference; lastKnownFileType = image.png; path = compose.png; sourceTree = "<group>"; };
		1443919E1A9AF4F000BF9783 /* favorite.png */ = {isa = PBXFileReference; lastKnownFileType = image.png; path = favorite.png; sourceTree = "<group>"; };
		1443919F1A9AF4F000BF9783 /* reply.png */ = {isa = PBXFileReference; lastKnownFileType = image.png; path = reply.png; sourceTree = "<group>"; };
		144391A01A9AF4F000BF9783 /* retweet.png */ = {isa = PBXFileReference; lastKnownFileType = image.png; path = retweet.png; sourceTree = "<group>"; };
		14702B3C1A92B7920064C739 /* Twitter Client.app */ = {isa = PBXFileReference; explicitFileType = wrapper.application; includeInIndex = 0; path = "Twitter Client.app"; sourceTree = BUILT_PRODUCTS_DIR; };
		14702B401A92B7920064C739 /* Info.plist */ = {isa = PBXFileReference; lastKnownFileType = text.plist.xml; path = Info.plist; sourceTree = "<group>"; };
		14702B411A92B7920064C739 /* main.m */ = {isa = PBXFileReference; lastKnownFileType = sourcecode.c.objc; path = main.m; sourceTree = "<group>"; };
		14702B431A92B7920064C739 /* AppDelegate.h */ = {isa = PBXFileReference; lastKnownFileType = sourcecode.c.h; path = AppDelegate.h; sourceTree = "<group>"; };
		14702B441A92B7920064C739 /* AppDelegate.m */ = {isa = PBXFileReference; lastKnownFileType = sourcecode.c.objc; path = AppDelegate.m; sourceTree = "<group>"; };
		14702B4C1A92B7920064C739 /* Images.xcassets */ = {isa = PBXFileReference; lastKnownFileType = folder.assetcatalog; path = Images.xcassets; sourceTree = "<group>"; };
		14702B4F1A92B7920064C739 /* Base */ = {isa = PBXFileReference; lastKnownFileType = file.xib; name = Base; path = Base.lproj/LaunchScreen.xib; sourceTree = "<group>"; };
		14702B551A92B7920064C739 /* Twitter ClientTests.xctest */ = {isa = PBXFileReference; explicitFileType = wrapper.cfbundle; includeInIndex = 0; path = "Twitter ClientTests.xctest"; sourceTree = BUILT_PRODUCTS_DIR; };
		14702B5A1A92B7920064C739 /* Info.plist */ = {isa = PBXFileReference; lastKnownFileType = text.plist.xml; path = Info.plist; sourceTree = "<group>"; };
		14702B5B1A92B7920064C739 /* Twitter_ClientTests.m */ = {isa = PBXFileReference; lastKnownFileType = sourcecode.c.objc; path = Twitter_ClientTests.m; sourceTree = "<group>"; };
		148936271A995BB0003649A1 /* User.h */ = {isa = PBXFileReference; fileEncoding = 4; lastKnownFileType = sourcecode.c.h; path = User.h; sourceTree = "<group>"; };
		148936281A995BB0003649A1 /* User.m */ = {isa = PBXFileReference; fileEncoding = 4; lastKnownFileType = sourcecode.c.objc; path = User.m; sourceTree = "<group>"; };
		1489362A1A995DB9003649A1 /* Tweet.h */ = {isa = PBXFileReference; fileEncoding = 4; lastKnownFileType = sourcecode.c.h; path = Tweet.h; sourceTree = "<group>"; };
		1489362B1A995DB9003649A1 /* Tweet.m */ = {isa = PBXFileReference; fileEncoding = 4; lastKnownFileType = sourcecode.c.objc; path = Tweet.m; sourceTree = "<group>"; };
		1489362D1A996B12003649A1 /* TweetsViewController.h */ = {isa = PBXFileReference; fileEncoding = 4; lastKnownFileType = sourcecode.c.h; path = TweetsViewController.h; sourceTree = "<group>"; };
		1489362E1A996B12003649A1 /* TweetsViewController.m */ = {isa = PBXFileReference; fileEncoding = 4; lastKnownFileType = sourcecode.c.objc; path = TweetsViewController.m; sourceTree = "<group>"; };
		1489362F1A996B12003649A1 /* TweetsViewController.xib */ = {isa = PBXFileReference; fileEncoding = 4; lastKnownFileType = file.xib; path = TweetsViewController.xib; sourceTree = "<group>"; };
		148936341A997CA2003649A1 /* TweetCell.h */ = {isa = PBXFileReference; fileEncoding = 4; lastKnownFileType = sourcecode.c.h; path = TweetCell.h; sourceTree = "<group>"; };
		148936351A997CA2003649A1 /* TweetCell.m */ = {isa = PBXFileReference; fileEncoding = 4; lastKnownFileType = sourcecode.c.objc; path = TweetCell.m; sourceTree = "<group>"; };
		148936361A997CA2003649A1 /* TweetCell.xib */ = {isa = PBXFileReference; fileEncoding = 4; lastKnownFileType = file.xib; path = TweetCell.xib; sourceTree = "<group>"; };
		1489363F1A99A59E003649A1 /* NewTweetViewController.h */ = {isa = PBXFileReference; fileEncoding = 4; lastKnownFileType = sourcecode.c.h; path = NewTweetViewController.h; sourceTree = "<group>"; };
		148936401A99A59E003649A1 /* NewTweetViewController.m */ = {isa = PBXFileReference; fileEncoding = 4; lastKnownFileType = sourcecode.c.objc; path = NewTweetViewController.m; sourceTree = "<group>"; };
		148936411A99A59E003649A1 /* NewTweetViewController.xib */ = {isa = PBXFileReference; fileEncoding = 4; lastKnownFileType = file.xib; path = NewTweetViewController.xib; sourceTree = "<group>"; };
		7E86D1B15F0B7ABB21795410 /* Pods.debug.xcconfig */ = {isa = PBXFileReference; includeInIndex = 1; lastKnownFileType = text.xcconfig; name = Pods.debug.xcconfig; path = "Pods/Target Support Files/Pods/Pods.debug.xcconfig"; sourceTree = "<group>"; };
		EB4338BE6F81EB66603F8AA5 /* Pods.release.xcconfig */ = {isa = PBXFileReference; includeInIndex = 1; lastKnownFileType = text.xcconfig; name = Pods.release.xcconfig; path = "Pods/Target Support Files/Pods/Pods.release.xcconfig"; sourceTree = "<group>"; };
/* End PBXFileReference section */

/* Begin PBXFrameworksBuildPhase section */
		14702B391A92B7920064C739 /* Frameworks */ = {
			isa = PBXFrameworksBuildPhase;
			buildActionMask = 2147483647;
			files = (
				647499F92BD011E535DC9DDF /* libPods.a in Frameworks */,
			);
			runOnlyForDeploymentPostprocessing = 0;
		};
		14702B521A92B7920064C739 /* Frameworks */ = {
			isa = PBXFrameworksBuildPhase;
			buildActionMask = 2147483647;
			files = (
			);
			runOnlyForDeploymentPostprocessing = 0;
		};
/* End PBXFrameworksBuildPhase section */

/* Begin PBXGroup section */
		134E50A05CFB4A91DE1BE166 /* Pods */ = {
			isa = PBXGroup;
			children = (
				7E86D1B15F0B7ABB21795410 /* Pods.debug.xcconfig */,
				EB4338BE6F81EB66603F8AA5 /* Pods.release.xcconfig */,
			);
			name = Pods;
			sourceTree = "<group>";
		};
		144391871A9AE46900BF9783 /* Resources */ = {
			isa = PBXGroup;
			children = (
				1443919D1A9AF4F000BF9783 /* compose.png */,
				1443919E1A9AF4F000BF9783 /* favorite.png */,
				1443919F1A9AF4F000BF9783 /* reply.png */,
				144391A01A9AF4F000BF9783 /* retweet.png */,
			);
			name = Resources;
			sourceTree = "<group>";
		};
		14702B331A92B7920064C739 = {
			isa = PBXGroup;
			children = (
				144391871A9AE46900BF9783 /* Resources */,
				14702B3E1A92B7920064C739 /* Twitter Client */,
				14702B581A92B7920064C739 /* Twitter ClientTests */,
				14702B3D1A92B7920064C739 /* Products */,
				134E50A05CFB4A91DE1BE166 /* Pods */,
				9286A415FA6EF63EB0EB7BC7 /* Frameworks */,
			);
			sourceTree = "<group>";
		};
		14702B3D1A92B7920064C739 /* Products */ = {
			isa = PBXGroup;
			children = (
				14702B3C1A92B7920064C739 /* Twitter Client.app */,
				14702B551A92B7920064C739 /* Twitter ClientTests.xctest */,
			);
			name = Products;
			sourceTree = "<group>";
		};
		14702B3E1A92B7920064C739 /* Twitter Client */ = {
			isa = PBXGroup;
			children = (
				14702B431A92B7920064C739 /* AppDelegate.h */,
				14702B441A92B7920064C739 /* AppDelegate.m */,
				14090B6F1A92CC3A00E5472D /* TwitterClient.h */,
				14090B701A92CC3A00E5472D /* TwitterClient.m */,
				148936221A995B9B003649A1 /* Models */,
				148936331A997C87003649A1 /* Views */,
				148936321A997BE5003649A1 /* View Controllers */,
				14702B4C1A92B7920064C739 /* Images.xcassets */,
				14702B4E1A92B7920064C739 /* LaunchScreen.xib */,
				14702B3F1A92B7920064C739 /* Supporting Files */,
			);
			path = "Twitter Client";
			sourceTree = "<group>";
		};
		14702B3F1A92B7920064C739 /* Supporting Files */ = {
			isa = PBXGroup;
			children = (
				14702B401A92B7920064C739 /* Info.plist */,
				14702B411A92B7920064C739 /* main.m */,
			);
			name = "Supporting Files";
			sourceTree = "<group>";
		};
		14702B581A92B7920064C739 /* Twitter ClientTests */ = {
			isa = PBXGroup;
			children = (
				14702B5B1A92B7920064C739 /* Twitter_ClientTests.m */,
				14702B591A92B7920064C739 /* Supporting Files */,
			);
			path = "Twitter ClientTests";
			sourceTree = "<group>";
		};
		14702B591A92B7920064C739 /* Supporting Files */ = {
			isa = PBXGroup;
			children = (
				14702B5A1A92B7920064C739 /* Info.plist */,
			);
			name = "Supporting Files";
			sourceTree = "<group>";
		};
		148936221A995B9B003649A1 /* Models */ = {
			isa = PBXGroup;
			children = (
				148936271A995BB0003649A1 /* User.h */,
				148936281A995BB0003649A1 /* User.m */,
				1489362A1A995DB9003649A1 /* Tweet.h */,
				1489362B1A995DB9003649A1 /* Tweet.m */,
			);
			name = Models;
			sourceTree = "<group>";
		};
		148936321A997BE5003649A1 /* View Controllers */ = {
			isa = PBXGroup;
			children = (
				1489362D1A996B12003649A1 /* TweetsViewController.h */,
				1489362E1A996B12003649A1 /* TweetsViewController.m */,
				1489362F1A996B12003649A1 /* TweetsViewController.xib */,
				14090B6A1A92CB1D00E5472D /* LoginViewController.h */,
				14090B6B1A92CB1D00E5472D /* LoginViewController.m */,
				14090B6C1A92CB1D00E5472D /* LoginViewController.xib */,
				1489363F1A99A59E003649A1 /* NewTweetViewController.h */,
				148936401A99A59E003649A1 /* NewTweetViewController.m */,
				148936411A99A59E003649A1 /* NewTweetViewController.xib */,
				144391821A99C47F00BF9783 /* TweetDetailsViewController.h */,
				144391831A99C47F00BF9783 /* TweetDetailsViewController.m */,
				144391841A99C47F00BF9783 /* TweetDetailsViewController.xib */,
			);
			name = "View Controllers";
			sourceTree = "<group>";
		};
		148936331A997C87003649A1 /* Views */ = {
			isa = PBXGroup;
			children = (
				148936341A997CA2003649A1 /* TweetCell.h */,
				148936351A997CA2003649A1 /* TweetCell.m */,
				148936361A997CA2003649A1 /* TweetCell.xib */,
			);
			name = Views;
			sourceTree = "<group>";
		};
		9286A415FA6EF63EB0EB7BC7 /* Frameworks */ = {
			isa = PBXGroup;
			children = (
				02BD76A3C7999B5D12DCCD0B /* libPods.a */,
			);
			name = Frameworks;
			sourceTree = "<group>";
		};
/* End PBXGroup section */

/* Begin PBXNativeTarget section */
		14702B3B1A92B7920064C739 /* Twitter Client */ = {
			isa = PBXNativeTarget;
			buildConfigurationList = 14702B5F1A92B7920064C739 /* Build configuration list for PBXNativeTarget "Twitter Client" */;
			buildPhases = (
				AE6E0C6687C8FACFA8764C9F /* Check Pods Manifest.lock */,
				14702B381A92B7920064C739 /* Sources */,
				14702B391A92B7920064C739 /* Frameworks */,
				14702B3A1A92B7920064C739 /* Resources */,
				2A51ECE8BF1A88554C305EB8 /* Copy Pods Resources */,
			);
			buildRules = (
			);
			dependencies = (
			);
			name = "Twitter Client";
			productName = "Twitter Client";
			productReference = 14702B3C1A92B7920064C739 /* Twitter Client.app */;
			productType = "com.apple.product-type.application";
		};
		14702B541A92B7920064C739 /* Twitter ClientTests */ = {
			isa = PBXNativeTarget;
			buildConfigurationList = 14702B621A92B7920064C739 /* Build configuration list for PBXNativeTarget "Twitter ClientTests" */;
			buildPhases = (
				14702B511A92B7920064C739 /* Sources */,
				14702B521A92B7920064C739 /* Frameworks */,
				14702B531A92B7920064C739 /* Resources */,
			);
			buildRules = (
			);
			dependencies = (
				14702B571A92B7920064C739 /* PBXTargetDependency */,
			);
			name = "Twitter ClientTests";
			productName = "Twitter ClientTests";
			productReference = 14702B551A92B7920064C739 /* Twitter ClientTests.xctest */;
			productType = "com.apple.product-type.bundle.unit-test";
		};
/* End PBXNativeTarget section */

/* Begin PBXProject section */
		14702B341A92B7920064C739 /* Project object */ = {
			isa = PBXProject;
			attributes = {
				LastUpgradeCheck = 0610;
				ORGANIZATIONNAME = "William Seo";
				TargetAttributes = {
					14702B3B1A92B7920064C739 = {
						CreatedOnToolsVersion = 6.1.1;
					};
					14702B541A92B7920064C739 = {
						CreatedOnToolsVersion = 6.1.1;
						TestTargetID = 14702B3B1A92B7920064C739;
					};
				};
			};
			buildConfigurationList = 14702B371A92B7920064C739 /* Build configuration list for PBXProject "Twitter Client" */;
			compatibilityVersion = "Xcode 3.2";
			developmentRegion = English;
			hasScannedForEncodings = 0;
			knownRegions = (
				en,
				Base,
			);
			mainGroup = 14702B331A92B7920064C739;
			productRefGroup = 14702B3D1A92B7920064C739 /* Products */;
			projectDirPath = "";
			projectRoot = "";
			targets = (
				14702B3B1A92B7920064C739 /* Twitter Client */,
				14702B541A92B7920064C739 /* Twitter ClientTests */,
			);
		};
/* End PBXProject section */

/* Begin PBXResourcesBuildPhase section */
		14702B3A1A92B7920064C739 /* Resources */ = {
			isa = PBXResourcesBuildPhase;
			buildActionMask = 2147483647;
			files = (
				144391A21A9AF4F000BF9783 /* compose.png in Resources */,
				144391A31A9AF4F000BF9783 /* favorite.png in Resources */,
				148936311A996B12003649A1 /* TweetsViewController.xib in Resources */,
				144391A41A9AF4F000BF9783 /* reply.png in Resources */,
				148936381A997CA2003649A1 /* TweetCell.xib in Resources */,
				14702B501A92B7920064C739 /* LaunchScreen.xib in Resources */,
				14702B4D1A92B7920064C739 /* Images.xcassets in Resources */,
				14090B6E1A92CB1D00E5472D /* LoginViewController.xib in Resources */,
				144391861A99C47F00BF9783 /* TweetDetailsViewController.xib in Resources */,
				144391A51A9AF4F000BF9783 /* retweet.png in Resources */,
				148936431A99A59E003649A1 /* NewTweetViewController.xib in Resources */,
			);
			runOnlyForDeploymentPostprocessing = 0;
		};
		14702B531A92B7920064C739 /* Resources */ = {
			isa = PBXResourcesBuildPhase;
			buildActionMask = 2147483647;
			files = (
			);
			runOnlyForDeploymentPostprocessing = 0;
		};
/* End PBXResourcesBuildPhase section */

/* Begin PBXShellScriptBuildPhase section */
		2A51ECE8BF1A88554C305EB8 /* Copy Pods Resources */ = {
			isa = PBXShellScriptBuildPhase;
			buildActionMask = 2147483647;
			files = (
			);
			inputPaths = (
			);
			name = "Copy Pods Resources";
			outputPaths = (
			);
			runOnlyForDeploymentPostprocessing = 0;
			shellPath = /bin/sh;
			shellScript = "\"${SRCROOT}/Pods/Target Support Files/Pods/Pods-resources.sh\"\n";
			showEnvVarsInLog = 0;
		};
		AE6E0C6687C8FACFA8764C9F /* Check Pods Manifest.lock */ = {
			isa = PBXShellScriptBuildPhase;
			buildActionMask = 2147483647;
			files = (
			);
			inputPaths = (
			);
			name = "Check Pods Manifest.lock";
			outputPaths = (
			);
			runOnlyForDeploymentPostprocessing = 0;
			shellPath = /bin/sh;
			shellScript = "diff \"${PODS_ROOT}/../Podfile.lock\" \"${PODS_ROOT}/Manifest.lock\" > /dev/null\nif [[ $? != 0 ]] ; then\n    cat << EOM\nerror: The sandbox is not in sync with the Podfile.lock. Run 'pod install' or update your CocoaPods installation.\nEOM\n    exit 1\nfi\n";
			showEnvVarsInLog = 0;
		};
/* End PBXShellScriptBuildPhase section */

/* Begin PBXSourcesBuildPhase section */
		14702B381A92B7920064C739 /* Sources */ = {
			isa = PBXSourcesBuildPhase;
			buildActionMask = 2147483647;
			files = (
				148936291A995BB0003649A1 /* User.m in Sources */,
				14090B711A92CC3A00E5472D /* TwitterClient.m in Sources */,
				14702B451A92B7920064C739 /* AppDelegate.m in Sources */,
				1489362C1A995DB9003649A1 /* Tweet.m in Sources */,
				14702B421A92B7920064C739 /* main.m in Sources */,
				144391851A99C47F00BF9783 /* TweetDetailsViewController.m in Sources */,
				14090B6D1A92CB1D00E5472D /* LoginViewController.m in Sources */,
				148936301A996B12003649A1 /* TweetsViewController.m in Sources */,
				148936371A997CA2003649A1 /* TweetCell.m in Sources */,
				148936421A99A59E003649A1 /* NewTweetViewController.m in Sources */,
			);
			runOnlyForDeploymentPostprocessing = 0;
		};
		14702B511A92B7920064C739 /* Sources */ = {
			isa = PBXSourcesBuildPhase;
			buildActionMask = 2147483647;
			files = (
				14702B5C1A92B7920064C739 /* Twitter_ClientTests.m in Sources */,
			);
			runOnlyForDeploymentPostprocessing = 0;
		};
/* End PBXSourcesBuildPhase section */

/* Begin PBXTargetDependency section */
		14702B571A92B7920064C739 /* PBXTargetDependency */ = {
			isa = PBXTargetDependency;
			target = 14702B3B1A92B7920064C739 /* Twitter Client */;
			targetProxy = 14702B561A92B7920064C739 /* PBXContainerItemProxy */;
		};
/* End PBXTargetDependency section */

/* Begin PBXVariantGroup section */
		14702B4E1A92B7920064C739 /* LaunchScreen.xib */ = {
			isa = PBXVariantGroup;
			children = (
				14702B4F1A92B7920064C739 /* Base */,
			);
			name = LaunchScreen.xib;
			sourceTree = "<group>";
		};
/* End PBXVariantGroup section */

/* Begin XCBuildConfiguration section */
		14702B5D1A92B7920064C739 /* Debug */ = {
			isa = XCBuildConfiguration;
			buildSettings = {
				ALWAYS_SEARCH_USER_PATHS = NO;
				CLANG_CXX_LANGUAGE_STANDARD = "gnu++0x";
				CLANG_CXX_LIBRARY = "libc++";
				CLANG_ENABLE_MODULES = YES;
				CLANG_ENABLE_OBJC_ARC = YES;
				CLANG_WARN_BOOL_CONVERSION = YES;
				CLANG_WARN_CONSTANT_CONVERSION = YES;
				CLANG_WARN_DIRECT_OBJC_ISA_USAGE = YES_ERROR;
				CLANG_WARN_EMPTY_BODY = YES;
				CLANG_WARN_ENUM_CONVERSION = YES;
				CLANG_WARN_INT_CONVERSION = YES;
				CLANG_WARN_OBJC_ROOT_CLASS = YES_ERROR;
				CLANG_WARN_UNREACHABLE_CODE = YES;
				CLANG_WARN__DUPLICATE_METHOD_MATCH = YES;
				"CODE_SIGN_IDENTITY[sdk=iphoneos*]" = "iPhone Developer";
				COPY_PHASE_STRIP = NO;
				ENABLE_STRICT_OBJC_MSGSEND = YES;
				GCC_C_LANGUAGE_STANDARD = gnu99;
				GCC_DYNAMIC_NO_PIC = NO;
				GCC_OPTIMIZATION_LEVEL = 0;
				GCC_PREPROCESSOR_DEFINITIONS = (
					"DEBUG=1",
					"$(inherited)",
				);
				GCC_SYMBOLS_PRIVATE_EXTERN = NO;
				GCC_WARN_64_TO_32_BIT_CONVERSION = YES;
				GCC_WARN_ABOUT_RETURN_TYPE = YES_ERROR;
				GCC_WARN_UNDECLARED_SELECTOR = YES;
				GCC_WARN_UNINITIALIZED_AUTOS = YES_AGGRESSIVE;
				GCC_WARN_UNUSED_FUNCTION = YES;
				GCC_WARN_UNUSED_VARIABLE = YES;
				IPHONEOS_DEPLOYMENT_TARGET = 8.1;
				MTL_ENABLE_DEBUG_INFO = YES;
				ONLY_ACTIVE_ARCH = YES;
				SDKROOT = iphoneos;
			};
			name = Debug;
		};
		14702B5E1A92B7920064C739 /* Release */ = {
			isa = XCBuildConfiguration;
			buildSettings = {
				ALWAYS_SEARCH_USER_PATHS = NO;
				CLANG_CXX_LANGUAGE_STANDARD = "gnu++0x";
				CLANG_CXX_LIBRARY = "libc++";
				CLANG_ENABLE_MODULES = YES;
				CLANG_ENABLE_OBJC_ARC = YES;
				CLANG_WARN_BOOL_CONVERSION = YES;
				CLANG_WARN_CONSTANT_CONVERSION = YES;
				CLANG_WARN_DIRECT_OBJC_ISA_USAGE = YES_ERROR;
				CLANG_WARN_EMPTY_BODY = YES;
				CLANG_WARN_ENUM_CONVERSION = YES;
				CLANG_WARN_INT_CONVERSION = YES;
				CLANG_WARN_OBJC_ROOT_CLASS = YES_ERROR;
				CLANG_WARN_UNREACHABLE_CODE = YES;
				CLANG_WARN__DUPLICATE_METHOD_MATCH = YES;
				"CODE_SIGN_IDENTITY[sdk=iphoneos*]" = "iPhone Developer";
				COPY_PHASE_STRIP = YES;
				ENABLE_NS_ASSERTIONS = NO;
				ENABLE_STRICT_OBJC_MSGSEND = YES;
				GCC_C_LANGUAGE_STANDARD = gnu99;
				GCC_WARN_64_TO_32_BIT_CONVERSION = YES;
				GCC_WARN_ABOUT_RETURN_TYPE = YES_ERROR;
				GCC_WARN_UNDECLARED_SELECTOR = YES;
				GCC_WARN_UNINITIALIZED_AUTOS = YES_AGGRESSIVE;
				GCC_WARN_UNUSED_FUNCTION = YES;
				GCC_WARN_UNUSED_VARIABLE = YES;
				IPHONEOS_DEPLOYMENT_TARGET = 8.1;
				MTL_ENABLE_DEBUG_INFO = NO;
				SDKROOT = iphoneos;
				VALIDATE_PRODUCT = YES;
			};
			name = Release;
		};
		14702B601A92B7920064C739 /* Debug */ = {
			isa = XCBuildConfiguration;
			baseConfigurationReference = 7E86D1B15F0B7ABB21795410 /* Pods.debug.xcconfig */;
			buildSettings = {
				ASSETCATALOG_COMPILER_APPICON_NAME = AppIcon;
				INFOPLIST_FILE = "Twitter Client/Info.plist";
				LD_RUNPATH_SEARCH_PATHS = "$(inherited) @executable_path/Frameworks";
				PRODUCT_NAME = "$(TARGET_NAME)";
			};
			name = Debug;
		};
		14702B611A92B7920064C739 /* Release */ = {
			isa = XCBuildConfiguration;
			baseConfigurationReference = EB4338BE6F81EB66603F8AA5 /* Pods.release.xcconfig */;
			buildSettings = {
				ASSETCATALOG_COMPILER_APPICON_NAME = AppIcon;
				INFOPLIST_FILE = "Twitter Client/Info.plist";
				LD_RUNPATH_SEARCH_PATHS = "$(inherited) @executable_path/Frameworks";
				PRODUCT_NAME = "$(TARGET_NAME)";
			};
			name = Release;
		};
		14702B631A92B7920064C739 /* Debug */ = {
			isa = XCBuildConfiguration;
			buildSettings = {
				BUNDLE_LOADER = "$(TEST_HOST)";
				FRAMEWORK_SEARCH_PATHS = (
					"$(SDKROOT)/Developer/Library/Frameworks",
					"$(inherited)",
				);
				GCC_PREPROCESSOR_DEFINITIONS = (
					"DEBUG=1",
					"$(inherited)",
				);
				INFOPLIST_FILE = "Twitter ClientTests/Info.plist";
				LD_RUNPATH_SEARCH_PATHS = "$(inherited) @executable_path/Frameworks @loader_path/Frameworks";
				PRODUCT_NAME = "$(TARGET_NAME)";
				TEST_HOST = "$(BUILT_PRODUCTS_DIR)/Twitter Client.app/Twitter Client";
			};
			name = Debug;
		};
		14702B641A92B7920064C739 /* Release */ = {
			isa = XCBuildConfiguration;
			buildSettings = {
				BUNDLE_LOADER = "$(TEST_HOST)";
				FRAMEWORK_SEARCH_PATHS = (
					"$(SDKROOT)/Developer/Library/Frameworks",
					"$(inherited)",
				);
				INFOPLIST_FILE = "Twitter ClientTests/Info.plist";
				LD_RUNPATH_SEARCH_PATHS = "$(inherited) @executable_path/Frameworks @loader_path/Frameworks";
				PRODUCT_NAME = "$(TARGET_NAME)";
				TEST_HOST = "$(BUILT_PRODUCTS_DIR)/Twitter Client.app/Twitter Client";
			};
			name = Release;
		};
/* End XCBuildConfiguration section */

/* Begin XCConfigurationList section */
		14702B371A92B7920064C739 /* Build configuration list for PBXProject "Twitter Client" */ = {
			isa = XCConfigurationList;
			buildConfigurations = (
				14702B5D1A92B7920064C739 /* Debug */,
				14702B5E1A92B7920064C739 /* Release */,
			);
			defaultConfigurationIsVisible = 0;
			defaultConfigurationName = Release;
		};
		14702B5F1A92B7920064C739 /* Build configuration list for PBXNativeTarget "Twitter Client" */ = {
			isa = XCConfigurationList;
			buildConfigurations = (
				14702B601A92B7920064C739 /* Debug */,
				14702B611A92B7920064C739 /* Release */,
			);
			defaultConfigurationIsVisible = 0;
			defaultConfigurationName = Release;
		};
		14702B621A92B7920064C739 /* Build configuration list for PBXNativeTarget "Twitter ClientTests" */ = {
			isa = XCConfigurationList;
			buildConfigurations = (
				14702B631A92B7920064C739 /* Debug */,
				14702B641A92B7920064C739 /* Release */,
			);
			defaultConfigurationIsVisible = 0;
			defaultConfigurationName = Release;
		};
/* End XCConfigurationList section */
	};
	rootObject = 14702B341A92B7920064C739 /* Project object */;
}
